
Microsoft Visual Studio Solution File, Format Version 12.00
# Visual Studio Version 16
VisualStudioVersion = 16.0.32602.291
MinimumVisualStudioVersion = 10.0.40219.1
Project("{9A19103F-16F7-4668-BE54-9A1E7A4F7556}") = "KampIntro", "KampIntro\KampIntro.csproj", "{50FB7AEC-5F41-483D-A0EA-0B330867F988}"
EndProject
Project("{9A19103F-16F7-4668-BE54-9A1E7A4F7556}") = "Donguler", "Donguler\Donguler.csproj", "{8651212B-3429-4163-B0DB-7D6766FD3557}"
EndProject
Project("{9A19103F-16F7-4668-BE54-9A1E7A4F7556}") = "ClassIntro", "ClassIntro\ClassIntro.csproj", "{A8FEED8A-CDDA-43AC-A79C-DD6B54490584}"
EndProject
Project("{9A19103F-16F7-4668-BE54-9A1E7A4F7556}") = "Metodlar", "Metodlar\Metodlar.csproj", "{788A142D-78B6-425D-B9BB-67AE37516E23}"
EndProject
Project("{9A19103F-16F7-4668-BE54-9A1E7A4F7556}") = "Matematik", "Matematik\Matematik.csproj", "{04873388-4C98-49AD-BD1A-93C286CFAC2F}"
EndProject
Project("{9A19103F-16F7-4668-BE54-9A1E7A4F7556}") = "DegerVeReferansTipler", "DegerVeReferansTipler\DegerVeReferansTipler.csproj", "{E8B123B2-689D-4D6D-B609-23D3E8B74591}"
EndProject
Project("{9A19103F-16F7-4668-BE54-9A1E7A4F7556}") = "OOP1", "OOP1\OOP1.csproj", "{1947D663-7BFF-4C81-AB1B-1087A128F251}"
EndProject
Project("{9A19103F-16F7-4668-BE54-9A1E7A4F7556}") = "Koleksiyonlar", "Koleksiyonlar\Koleksiyonlar.csproj", "{23BAFE8A-78E2-4842-8C77-7320AD24B7E9}"
EndProject
Project("{9A19103F-16F7-4668-BE54-9A1E7A4F7556}") = "CenericsIntro", "CenericsIntro\CenericsIntro.csproj", "{95A4CE59-85EE-4459-8527-C27ECA2B9A2B}"
EndProject
Project("{FAE04EC0-301F-11D3-BF4B-00C04F79EFBC}") = "OOP2", "OOP2\OOP2.csproj", "{7F29074C-14BE-4900-B984-3552CC947506}"
EndProject
Project("{FAE04EC0-301F-11D3-BF4B-00C04F79EFBC}") = "OOP3", "OOP3\OOP3.csproj", "{7C0A23FC-9BA2-473C-9A74-20A3F3B02EF4}"
EndProject
Global
	GlobalSection(SolutionConfigurationPlatforms) = preSolution
		Debug|Any CPU = Debug|Any CPU
		Release|Any CPU = Release|Any CPU
	EndGlobalSection
	GlobalSection(ProjectConfigurationPlatforms) = postSolution
		{50FB7AEC-5F41-483D-A0EA-0B330867F988}.Debug|Any CPU.ActiveCfg = Debug|Any CPU
		{50FB7AEC-5F41-483D-A0EA-0B330867F988}.Debug|Any CPU.Build.0 = Debug|Any CPU
		{50FB7AEC-5F41-483D-A0EA-0B330867F988}.Release|Any CPU.ActiveCfg = Release|Any CPU
		{50FB7AEC-5F41-483D-A0EA-0B330867F988}.Release|Any CPU.Build.0 = Release|Any CPU
		{8651212B-3429-4163-B0DB-7D6766FD3557}.Debug|Any CPU.ActiveCfg = Debug|Any CPU
		{8651212B-3429-4163-B0DB-7D6766FD3557}.Debug|Any CPU.Build.0 = Debug|Any CPU
		{8651212B-3429-4163-B0DB-7D6766FD3557}.Release|Any CPU.ActiveCfg = Release|Any CPU
		{8651212B-3429-4163-B0DB-7D6766FD3557}.Release|Any CPU.Build.0 = Release|Any CPU
		{A8FEED8A-CDDA-43AC-A79C-DD6B54490584}.Debug|Any CPU.ActiveCfg = Debug|Any CPU
		{A8FEED8A-CDDA-43AC-A79C-DD6B54490584}.Debug|Any CPU.Build.0 = Debug|Any CPU
		{A8FEED8A-CDDA-43AC-A79C-DD6B54490584}.Release|Any CPU.ActiveCfg = Release|Any CPU
		{A8FEED8A-CDDA-43AC-A79C-DD6B54490584}.Release|Any CPU.Build.0 = Release|Any CPU
		{788A142D-78B6-425D-B9BB-67AE37516E23}.Debug|Any CPU.ActiveCfg = Debug|Any CPU
		{788A142D-78B6-425D-B9BB-67AE37516E23}.Debug|Any CPU.Build.0 = Debug|Any CPU
		{788A142D-78B6-425D-B9BB-67AE37516E23}.Release|Any CPU.ActiveCfg = Release|Any CPU
		{788A142D-78B6-425D-B9BB-67AE37516E23}.Release|Any CPU.Build.0 = Release|Any CPU
		{04873388-4C98-49AD-BD1A-93C286CFAC2F}.Debug|Any CPU.ActiveCfg = Debug|Any CPU
		{04873388-4C98-49AD-BD1A-93C286CFAC2F}.Debug|Any CPU.Build.0 = Debug|Any CPU
		{04873388-4C98-49AD-BD1A-93C286CFAC2F}.Release|Any CPU.ActiveCfg = Release|Any CPU
		{04873388-4C98-49AD-BD1A-93C286CFAC2F}.Release|Any CPU.Build.0 = Release|Any CPU
		{E8B123B2-689D-4D6D-B609-23D3E8B74591}.Debug|Any CPU.ActiveCfg = Debug|Any CPU
		{E8B123B2-689D-4D6D-B609-23D3E8B74591}.Debug|Any CPU.Build.0 = Debug|Any CPU
		{E8B123B2-689D-4D6D-B609-23D3E8B74591}.Release|Any CPU.ActiveCfg = Release|Any CPU
		{E8B123B2-689D-4D6D-B609-23D3E8B74591}.Release|Any CPU.Build.0 = Release|Any CPU
		{1947D663-7BFF-4C81-AB1B-1087A128F251}.Debug|Any CPU.ActiveCfg = Debug|Any CPU
		{1947D663-7BFF-4C81-AB1B-1087A128F251}.Debug|Any CPU.Build.0 = Debug|Any CPU
		{1947D663-7BFF-4C81-AB1B-1087A128F251}.Release|Any CPU.ActiveCfg = Release|Any CPU
		{1947D663-7BFF-4C81-AB1B-1087A128F251}.Release|Any CPU.Build.0 = Release|Any CPU
		{23BAFE8A-78E2-4842-8C77-7320AD24B7E9}.Debug|Any CPU.ActiveCfg = Debug|Any CPU
		{23BAFE8A-78E2-4842-8C77-7320AD24B7E9}.Debug|Any CPU.Build.0 = Debug|Any CPU
		{23BAFE8A-78E2-4842-8C77-7320AD24B7E9}.Release|Any CPU.ActiveCfg = Release|Any CPU
		{23BAFE8A-78E2-4842-8C77-7320AD24B7E9}.Release|Any CPU.Build.0 = Release|Any CPU
		{95A4CE59-85EE-4459-8527-C27ECA2B9A2B}.Debug|Any CPU.ActiveCfg = Debug|Any CPU
		{95A4CE59-85EE-4459-8527-C27ECA2B9A2B}.Debug|Any CPU.Build.0 = Debug|Any CPU
		{95A4CE59-85EE-4459-8527-C27ECA2B9A2B}.Release|Any CPU.ActiveCfg = Release|Any CPU
		{95A4CE59-85EE-4459-8527-C27ECA2B9A2B}.Release|Any CPU.Build.0 = Release|Any CPU
		{7F29074C-14BE-4900-B984-3552CC947506}.Debug|Any CPU.ActiveCfg = Debug|Any CPU
		{7F29074C-14BE-4900-B984-3552CC947506}.Debug|Any CPU.Build.0 = Debug|Any CPU
		{7F29074C-14BE-4900-B984-3552CC947506}.Release|Any CPU.ActiveCfg = Release|Any CPU
		{7F29074C-14BE-4900-B984-3552CC947506}.Release|Any CPU.Build.0 = Release|Any CPU
		{7C0A23FC-9BA2-473C-9A74-20A3F3B02EF4}.Debug|Any CPU.ActiveCfg = Debug|Any CPU
		{7C0A23FC-9BA2-473C-9A74-20A3F3B02EF4}.Debug|Any CPU.Build.0 = Debug|Any CPU
		{7C0A23FC-9BA2-473C-9A74-20A3F3B02EF4}.Release|Any CPU.ActiveCfg = Release|Any CPU
		{7C0A23FC-9BA2-473C-9A74-20A3F3B02EF4}.Release|Any CPU.Build.0 = Release|Any CPU
	EndGlobalSection
	GlobalSection(SolutionProperties) = preSolution
		HideSolutionNode = FALSE
	EndGlobalSection
	GlobalSection(ExtensibilityGlobals) = postSolution
		SolutionGuid = {2889F348-7EC9-4F09-B78C-0C770700D266}
	EndGlobalSection
EndGlobal
